
Microsoft Visual Studio Solution File, Format Version 12.00
# Visual Studio Version 17
VisualStudioVersion = 17.14.36121.58
MinimumVisualStudioVersion = 10.0.40219.1
Project("{FAE04EC0-301F-11D3-BF4B-00C04F79EFBC}") = "DCompany.WEB", "DCompany.WEB.csproj", "{B6F0C146-EE58-498D-AC7A-5A39F42B10CA}"
EndProject
Project("{2150E333-8FDC-42A3-9474-1A3956D46DE8}") = "src", "src", "{02EA681E-C7D8-13C7-8484-4AC65E1B71E8}"
EndProject
Project("{2150E333-8FDC-42A3-9474-1A3956D46DE8}") = "Directories", "Directories", "{2EE86BC8-8FAA-42EE-A310-CCC8DFD01E10}"
EndProject
Project("{2150E333-8FDC-42A3-9474-1A3956D46DE8}") = "Shared", "Shared", "{13A55F75-AAE1-4580-95CE-AA9B37B29389}"
EndProject
Project("{2150E333-8FDC-42A3-9474-1A3956D46DE8}") = "Files", "Files", "{CCE0BD53-D121-4353-83D9-B14E18FAE375}"
EndProject
Project("{2150E333-8FDC-42A3-9474-1A3956D46DE8}") = "Auths", "Auths", "{804F5833-5789-439A-B65B-C538DEBF18F2}"
EndProject
Project("{2150E333-8FDC-42A3-9474-1A3956D46DE8}") = "Orders", "Orders", "{53AFD703-A6B5-460E-8504-C58C78A79090}"
EndProject
Project("{FAE04EC0-301F-11D3-BF4B-00C04F79EFBC}") = "DCompany.Directories.Domain", "..\Directories\DCompany.Directories.Domain\DCompany.Directories.Domain.csproj", "{121DE45D-3025-4410-9AEB-CD7B12437E9A}"
EndProject
Project("{FAE04EC0-301F-11D3-BF4B-00C04F79EFBC}") = "DCompany.Directories.Contracts", "..\Directories\DCompany.Directories.Contracts\DCompany.Directories.Contracts.csproj", "{CA7DBCC5-54F2-46D1-B2D8-28E09425C837}"
EndProject
Project("{FAE04EC0-301F-11D3-BF4B-00C04F79EFBC}") = "DCompany.Directories.Infrastructure", "..\Directories\DCompany.Directories.Infrastructure\DCompany.Directories.Infrastructure.csproj", "{B355E391-91F7-45E9-BDE6-454A83879582}"
EndProject
Project("{FAE04EC0-301F-11D3-BF4B-00C04F79EFBC}") = "DCompany.Directories.UseCases", "..\Directories\DCompany.Directories.UseCases\DCompany.Directories.UseCases.csproj", "{28D251F5-FEB5-439E-A423-C72BDBF86B2D}"
EndProject
Project("{FAE04EC0-301F-11D3-BF4B-00C04F79EFBC}") = "DCompany.Directories.API", "..\Directories\DCompany.Directories.API\DCompany.Directories.API.csproj", "{DB1372E1-1828-4AD8-A793-F7A77B3E7096}"
EndProject
Project("{FAE04EC0-301F-11D3-BF4B-00C04F79EFBC}") = "DCompany.Shared.SharedKernel", "..\Shared\DCompany.Shared.SharedKernel\DCompany.Shared.SharedKernel.csproj", "{25C0911E-3109-4CFA-A0E7-D9F72B95B525}"
EndProject
Project("{FAE04EC0-301F-11D3-BF4B-00C04F79EFBC}") = "DCompany.Shared.Core", "..\Shared\DCompany.Shared.Core\DCompany.Shared.Core.csproj", "{5A0B6C2C-F457-406E-B198-05F210373E1E}"
EndProject
Project("{FAE04EC0-301F-11D3-BF4B-00C04F79EFBC}") = "DCompany.Shared.Framework", "..\Shared\DCompany.Shared.Framework\DCompany.Shared.Framework.csproj", "{615DE27C-83DC-4268-AECC-5058A230A78E}"
EndProject
Project("{2150E333-8FDC-42A3-9474-1A3956D46DE8}") = "tests", "tests", "{4E06994E-E0B9-47B4-B9D8-1EE3B471A909}"
EndProject
Project("{2150E333-8FDC-42A3-9474-1A3956D46DE8}") = "solution items", "solution items", "{8B492A93-77B6-4569-92A3-5A68AE001084}"
	ProjectSection(SolutionItems) = preProject
		.editorconfig = .editorconfig
		Directory.Build.props = Directory.Build.props
	EndProjectSection
EndProject
Global
	GlobalSection(SolutionConfigurationPlatforms) = preSolution
		Debug|Any CPU = Debug|Any CPU
		Release|Any CPU = Release|Any CPU
	EndGlobalSection
	GlobalSection(ProjectConfigurationPlatforms) = postSolution
		{B6F0C146-EE58-498D-AC7A-5A39F42B10CA}.Debug|Any CPU.ActiveCfg = Debug|Any CPU
		{B6F0C146-EE58-498D-AC7A-5A39F42B10CA}.Debug|Any CPU.Build.0 = Debug|Any CPU
		{B6F0C146-EE58-498D-AC7A-5A39F42B10CA}.Release|Any CPU.ActiveCfg = Release|Any CPU
		{B6F0C146-EE58-498D-AC7A-5A39F42B10CA}.Release|Any CPU.Build.0 = Release|Any CPU
		{121DE45D-3025-4410-9AEB-CD7B12437E9A}.Debug|Any CPU.ActiveCfg = Debug|Any CPU
		{121DE45D-3025-4410-9AEB-CD7B12437E9A}.Debug|Any CPU.Build.0 = Debug|Any CPU
		{121DE45D-3025-4410-9AEB-CD7B12437E9A}.Release|Any CPU.ActiveCfg = Release|Any CPU
		{121DE45D-3025-4410-9AEB-CD7B12437E9A}.Release|Any CPU.Build.0 = Release|Any CPU
		{CA7DBCC5-54F2-46D1-B2D8-28E09425C837}.Debug|Any CPU.ActiveCfg = Debug|Any CPU
		{CA7DBCC5-54F2-46D1-B2D8-28E09425C837}.Debug|Any CPU.Build.0 = Debug|Any CPU
		{CA7DBCC5-54F2-46D1-B2D8-28E09425C837}.Release|Any CPU.ActiveCfg = Release|Any CPU
		{CA7DBCC5-54F2-46D1-B2D8-28E09425C837}.Release|Any CPU.Build.0 = Release|Any CPU
		{B355E391-91F7-45E9-BDE6-454A83879582}.Debug|Any CPU.ActiveCfg = Debug|Any CPU
		{B355E391-91F7-45E9-BDE6-454A83879582}.Debug|Any CPU.Build.0 = Debug|Any CPU
		{B355E391-91F7-45E9-BDE6-454A83879582}.Release|Any CPU.ActiveCfg = Release|Any CPU
		{B355E391-91F7-45E9-BDE6-454A83879582}.Release|Any CPU.Build.0 = Release|Any CPU
		{28D251F5-FEB5-439E-A423-C72BDBF86B2D}.Debug|Any CPU.ActiveCfg = Debug|Any CPU
		{28D251F5-FEB5-439E-A423-C72BDBF86B2D}.Debug|Any CPU.Build.0 = Debug|Any CPU
		{28D251F5-FEB5-439E-A423-C72BDBF86B2D}.Release|Any CPU.ActiveCfg = Release|Any CPU
		{28D251F5-FEB5-439E-A423-C72BDBF86B2D}.Release|Any CPU.Build.0 = Release|Any CPU
		{DB1372E1-1828-4AD8-A793-F7A77B3E7096}.Debug|Any CPU.ActiveCfg = Debug|Any CPU
		{DB1372E1-1828-4AD8-A793-F7A77B3E7096}.Debug|Any CPU.Build.0 = Debug|Any CPU
		{DB1372E1-1828-4AD8-A793-F7A77B3E7096}.Release|Any CPU.ActiveCfg = Release|Any CPU
		{DB1372E1-1828-4AD8-A793-F7A77B3E7096}.Release|Any CPU.Build.0 = Release|Any CPU
		{25C0911E-3109-4CFA-A0E7-D9F72B95B525}.Debug|Any CPU.ActiveCfg = Debug|Any CPU
		{25C0911E-3109-4CFA-A0E7-D9F72B95B525}.Debug|Any CPU.Build.0 = Debug|Any CPU
		{25C0911E-3109-4CFA-A0E7-D9F72B95B525}.Release|Any CPU.ActiveCfg = Release|Any CPU
		{25C0911E-3109-4CFA-A0E7-D9F72B95B525}.Release|Any CPU.Build.0 = Release|Any CPU
		{5A0B6C2C-F457-406E-B198-05F210373E1E}.Debug|Any CPU.ActiveCfg = Debug|Any CPU
		{5A0B6C2C-F457-406E-B198-05F210373E1E}.Debug|Any CPU.Build.0 = Debug|Any CPU
		{5A0B6C2C-F457-406E-B198-05F210373E1E}.Release|Any CPU.ActiveCfg = Release|Any CPU
		{5A0B6C2C-F457-406E-B198-05F210373E1E}.Release|Any CPU.Build.0 = Release|Any CPU
		{615DE27C-83DC-4268-AECC-5058A230A78E}.Debug|Any CPU.ActiveCfg = Debug|Any CPU
		{615DE27C-83DC-4268-AECC-5058A230A78E}.Debug|Any CPU.Build.0 = Debug|Any CPU
		{615DE27C-83DC-4268-AECC-5058A230A78E}.Release|Any CPU.ActiveCfg = Release|Any CPU
		{615DE27C-83DC-4268-AECC-5058A230A78E}.Release|Any CPU.Build.0 = Release|Any CPU
	EndGlobalSection
	GlobalSection(SolutionProperties) = preSolution
		HideSolutionNode = FALSE
	EndGlobalSection
	GlobalSection(NestedProjects) = preSolution
		{B6F0C146-EE58-498D-AC7A-5A39F42B10CA} = {02EA681E-C7D8-13C7-8484-4AC65E1B71E8}
		{2EE86BC8-8FAA-42EE-A310-CCC8DFD01E10} = {02EA681E-C7D8-13C7-8484-4AC65E1B71E8}
		{13A55F75-AAE1-4580-95CE-AA9B37B29389} = {02EA681E-C7D8-13C7-8484-4AC65E1B71E8}
		{CCE0BD53-D121-4353-83D9-B14E18FAE375} = {02EA681E-C7D8-13C7-8484-4AC65E1B71E8}
		{804F5833-5789-439A-B65B-C538DEBF18F2} = {02EA681E-C7D8-13C7-8484-4AC65E1B71E8}
		{53AFD703-A6B5-460E-8504-C58C78A79090} = {02EA681E-C7D8-13C7-8484-4AC65E1B71E8}
		{121DE45D-3025-4410-9AEB-CD7B12437E9A} = {2EE86BC8-8FAA-42EE-A310-CCC8DFD01E10}
		{CA7DBCC5-54F2-46D1-B2D8-28E09425C837} = {2EE86BC8-8FAA-42EE-A310-CCC8DFD01E10}
		{B355E391-91F7-45E9-BDE6-454A83879582} = {2EE86BC8-8FAA-42EE-A310-CCC8DFD01E10}
		{28D251F5-FEB5-439E-A423-C72BDBF86B2D} = {2EE86BC8-8FAA-42EE-A310-CCC8DFD01E10}
		{DB1372E1-1828-4AD8-A793-F7A77B3E7096} = {2EE86BC8-8FAA-42EE-A310-CCC8DFD01E10}
		{25C0911E-3109-4CFA-A0E7-D9F72B95B525} = {13A55F75-AAE1-4580-95CE-AA9B37B29389}
		{5A0B6C2C-F457-406E-B198-05F210373E1E} = {13A55F75-AAE1-4580-95CE-AA9B37B29389}
		{615DE27C-83DC-4268-AECC-5058A230A78E} = {13A55F75-AAE1-4580-95CE-AA9B37B29389}
	EndGlobalSection
	GlobalSection(ExtensibilityGlobals) = postSolution
		SolutionGuid = {E44EE71E-2390-4331-ABB1-07AC62F05D2D}
	EndGlobalSection
EndGlobal
